
Microsoft Visual Studio Solution File, Format Version 12.00
# Visual Studio Version 17
VisualStudioVersion = 17.11.35222.181
MinimumVisualStudioVersion = 10.0.40219.1
Project("{FAE04EC0-301F-11D3-BF4B-00C04F79EFBC}") = "sinhvien", "sinhvien.csproj", "{3C71D5D6-DA61-45BD-BEEF-2430399E6ACE}"
EndProject
Global
	GlobalSection(SolutionConfigurationPlatforms) = preSolution
		Debug|Any CPU = Debug|Any CPU
		Release|Any CPU = Release|Any CPU
	EndGlobalSection
	GlobalSection(ProjectConfigurationPlatforms) = postSolution
		{3C71D5D6-DA61-45BD-BEEF-2430399E6ACE}.Debug|Any CPU.ActiveCfg = Debug|Any CPU
		{3C71D5D6-DA61-45BD-BEEF-2430399E6ACE}.Debug|Any CPU.Build.0 = Debug|Any CPU
		{3C71D5D6-DA61-45BD-BEEF-2430399E6ACE}.Release|Any CPU.ActiveCfg = Release|Any CPU
		{3C71D5D6-DA61-45BD-BEEF-2430399E6ACE}.Release|Any CPU.Build.0 = Release|Any CPU
	EndGlobalSection
	GlobalSection(SolutionProperties) = preSolution
		HideSolutionNode = FALSE
	EndGlobalSection
	GlobalSection(ExtensibilityGlobals) = postSolution
		SolutionGuid = {98567CC2-AC7F-4131-BEF4-BF7BA590F017}
	EndGlobalSection
EndGlobal
